
Microsoft Visual Studio Solution File, Format Version 12.00
# Visual Studio Version 17
VisualStudioVersion = 17.9.34728.123
MinimumVisualStudioVersion = 10.0.40219.1
Project("{FAE04EC0-301F-11D3-BF4B-00C04F79EFBC}") = "ClientWPF", "ClientWPF\ClientWPF.csproj", "{04B1DC4A-1CCF-4B97-93B7-4A7745C88B99}"
EndProject
Global
	GlobalSection(SolutionConfigurationPlatforms) = preSolution
		Debug|Any CPU = Debug|Any CPU
		Release|Any CPU = Release|Any CPU
	EndGlobalSection
	GlobalSection(ProjectConfigurationPlatforms) = postSolution
		{04B1DC4A-1CCF-4B97-93B7-4A7745C88B99}.Debug|Any CPU.ActiveCfg = Debug|Any CPU
		{04B1DC4A-1CCF-4B97-93B7-4A7745C88B99}.Debug|Any CPU.Build.0 = Debug|Any CPU
		{04B1DC4A-1CCF-4B97-93B7-4A7745C88B99}.Release|Any CPU.ActiveCfg = Release|Any CPU
		{04B1DC4A-1CCF-4B97-93B7-4A7745C88B99}.Release|Any CPU.Build.0 = Release|Any CPU
	EndGlobalSection
	GlobalSection(SolutionProperties) = preSolution
		HideSolutionNode = FALSE
	EndGlobalSection
	GlobalSection(ExtensibilityGlobals) = postSolution
		SolutionGuid = {6E649DAD-F69B-4FA0-9F9C-1418B21BF45C}
	EndGlobalSection
EndGlobal
